
Microsoft Visual Studio Solution File, Format Version 12.00
# Visual Studio Version 16
VisualStudioVersion = 16.0.29609.76
MinimumVisualStudioVersion = 10.0.40219.1
Project("{2150E333-8FDC-42A3-9474-1A3956D46DE8}") = "Core", "Core", "{972B9913-3B24-4D2C-A8C8-A7E750E5D616}"
EndProject
Project("{9A19103F-16F7-4668-BE54-9A1E7A4F7556}") = "PanacheSoftware.Core", "Core\PanacheSoftware.Core\PanacheSoftware.Core.csproj", "{8A66D84B-732D-4D89-910A-065219445633}"
EndProject
Project("{9A19103F-16F7-4668-BE54-9A1E7A4F7556}") = "PanacheSoftware.Database", "Core\PanacheSoftware.Database\PanacheSoftware.Database.csproj", "{8A141C68-1E6F-4AC0-9C06-8CAC2DF8BBA2}"
EndProject
Project("{9A19103F-16F7-4668-BE54-9A1E7A4F7556}") = "PanacheSoftware.Http", "Core\PanacheSoftware.Http\PanacheSoftware.Http.csproj", "{C3E0FC3F-8857-45C7-8C9C-111592E85856}"
EndProject
Project("{2150E333-8FDC-42A3-9474-1A3956D46DE8}") = "Web", "Web", "{D5919A9E-9A25-4176-9D91-6BBAAB1F5008}"
EndProject
Project("{9A19103F-16F7-4668-BE54-9A1E7A4F7556}") = "PanacheSoftware.UI.Core", "Web\PanacheSoftware.UI.Core\PanacheSoftware.UI.Core.csproj", "{5B64A1A5-F558-485C-BDD4-BC0440A325DB}"
EndProject
Project("{2150E333-8FDC-42A3-9474-1A3956D46DE8}") = "Web Apps", "Web Apps", "{142DA5F6-BC1A-4A09-A309-FA5ACF8289BA}"
EndProject
Project("{9A19103F-16F7-4668-BE54-9A1E7A4F7556}") = "PanacheSoftware.Identity", "Web Apps\PanacheSoftware.Identity\PanacheSoftware.Identity.csproj", "{011617E2-40F2-483F-9C25-71A2D341B33E}"
EndProject
Project("{2150E333-8FDC-42A3-9474-1A3956D46DE8}") = "Services", "Services", "{5E9AA283-F03D-46FB-8509-58B20DEDF48F}"
EndProject
Project("{9A19103F-16F7-4668-BE54-9A1E7A4F7556}") = "PanacheSoftware.Service.Client", "Services\PanacheSoftware.Service.Client\PanacheSoftware.Service.Client.csproj", "{E40346B2-25C9-4B8A-8C7E-2E03E326D426}"
EndProject
Project("{9A19103F-16F7-4668-BE54-9A1E7A4F7556}") = "PanacheSoftware.Service.Team", "Services\PanacheSoftware.Service.Team\PanacheSoftware.Service.Team.csproj", "{5DF48F50-E0D1-4B87-B00D-7DA8C519AF55}"
EndProject
Project("{9A19103F-16F7-4668-BE54-9A1E7A4F7556}") = "PanacheSoftware.UI.Client", "Web Apps\PanacheSoftware.UI.Client\PanacheSoftware.UI.Client.csproj", "{0A81633F-FEF9-4F65-AD44-9D73469840F3}"
EndProject
Project("{9A19103F-16F7-4668-BE54-9A1E7A4F7556}") = "PanacheSoftware.Service.Foundation", "Services\PanacheSoftware.Service.Foundation\PanacheSoftware.Service.Foundation.csproj", "{AE41E8A6-105A-491E-B8A9-1101552B4B6F}"
EndProject
Project("{9A19103F-16F7-4668-BE54-9A1E7A4F7556}") = "PanacheSoftware.Service.Task", "Services\PanacheSoftware.Service.Task\PanacheSoftware.Service.Task.csproj", "{0200D136-3C5F-47D9-B32C-30A9CD420774}"
EndProject
Project("{9A19103F-16F7-4668-BE54-9A1E7A4F7556}") = "PanacheSoftware.Service.File", "Services\PanacheSoftware.Service.File\PanacheSoftware.Service.File.csproj", "{A506BE9C-2D49-4094-98D7-E483A83E03D0}"
EndProject
Project("{2150E333-8FDC-42A3-9474-1A3956D46DE8}") = "API Gateway", "API Gateway", "{4B71D786-0A4A-490F-9072-9F7CF9A3D458}"
EndProject
Project("{9A19103F-16F7-4668-BE54-9A1E7A4F7556}") = "PanacheSoftware.API.Gateway", "API Gateway\PanacheSoftware.API.Gateway\PanacheSoftware.API.Gateway.csproj", "{E91884AC-342F-402F-ADE4-D28AD8E9A0AE}"
EndProject
Project("{2150E333-8FDC-42A3-9474-1A3956D46DE8}") = "Solution Items", "Solution Items", "{BE11AB5D-0BDE-4D32-9F5B-FDC0B65A81DE}"
EndProject
Global
	GlobalSection(SolutionConfigurationPlatforms) = preSolution
		Debug|Any CPU = Debug|Any CPU
		Release|Any CPU = Release|Any CPU
	EndGlobalSection
	GlobalSection(ProjectConfigurationPlatforms) = postSolution
		{8A66D84B-732D-4D89-910A-065219445633}.Debug|Any CPU.ActiveCfg = Debug|Any CPU
		{8A66D84B-732D-4D89-910A-065219445633}.Debug|Any CPU.Build.0 = Debug|Any CPU
		{8A66D84B-732D-4D89-910A-065219445633}.Release|Any CPU.ActiveCfg = Release|Any CPU
		{8A66D84B-732D-4D89-910A-065219445633}.Release|Any CPU.Build.0 = Release|Any CPU
		{8A141C68-1E6F-4AC0-9C06-8CAC2DF8BBA2}.Debug|Any CPU.ActiveCfg = Debug|Any CPU
		{8A141C68-1E6F-4AC0-9C06-8CAC2DF8BBA2}.Debug|Any CPU.Build.0 = Debug|Any CPU
		{8A141C68-1E6F-4AC0-9C06-8CAC2DF8BBA2}.Release|Any CPU.ActiveCfg = Release|Any CPU
		{8A141C68-1E6F-4AC0-9C06-8CAC2DF8BBA2}.Release|Any CPU.Build.0 = Release|Any CPU
		{C3E0FC3F-8857-45C7-8C9C-111592E85856}.Debug|Any CPU.ActiveCfg = Debug|Any CPU
		{C3E0FC3F-8857-45C7-8C9C-111592E85856}.Debug|Any CPU.Build.0 = Debug|Any CPU
		{C3E0FC3F-8857-45C7-8C9C-111592E85856}.Release|Any CPU.ActiveCfg = Release|Any CPU
		{C3E0FC3F-8857-45C7-8C9C-111592E85856}.Release|Any CPU.Build.0 = Release|Any CPU
		{5B64A1A5-F558-485C-BDD4-BC0440A325DB}.Debug|Any CPU.ActiveCfg = Debug|Any CPU
		{5B64A1A5-F558-485C-BDD4-BC0440A325DB}.Debug|Any CPU.Build.0 = Debug|Any CPU
		{5B64A1A5-F558-485C-BDD4-BC0440A325DB}.Release|Any CPU.ActiveCfg = Release|Any CPU
		{5B64A1A5-F558-485C-BDD4-BC0440A325DB}.Release|Any CPU.Build.0 = Release|Any CPU
		{011617E2-40F2-483F-9C25-71A2D341B33E}.Debug|Any CPU.ActiveCfg = Debug|Any CPU
		{011617E2-40F2-483F-9C25-71A2D341B33E}.Debug|Any CPU.Build.0 = Debug|Any CPU
		{011617E2-40F2-483F-9C25-71A2D341B33E}.Release|Any CPU.ActiveCfg = Release|Any CPU
		{011617E2-40F2-483F-9C25-71A2D341B33E}.Release|Any CPU.Build.0 = Release|Any CPU
		{E40346B2-25C9-4B8A-8C7E-2E03E326D426}.Debug|Any CPU.ActiveCfg = Debug|Any CPU
		{E40346B2-25C9-4B8A-8C7E-2E03E326D426}.Debug|Any CPU.Build.0 = Debug|Any CPU
		{E40346B2-25C9-4B8A-8C7E-2E03E326D426}.Release|Any CPU.ActiveCfg = Release|Any CPU
		{E40346B2-25C9-4B8A-8C7E-2E03E326D426}.Release|Any CPU.Build.0 = Release|Any CPU
		{5DF48F50-E0D1-4B87-B00D-7DA8C519AF55}.Debug|Any CPU.ActiveCfg = Debug|Any CPU
		{5DF48F50-E0D1-4B87-B00D-7DA8C519AF55}.Debug|Any CPU.Build.0 = Debug|Any CPU
		{5DF48F50-E0D1-4B87-B00D-7DA8C519AF55}.Release|Any CPU.ActiveCfg = Release|Any CPU
		{5DF48F50-E0D1-4B87-B00D-7DA8C519AF55}.Release|Any CPU.Build.0 = Release|Any CPU
		{0A81633F-FEF9-4F65-AD44-9D73469840F3}.Debug|Any CPU.ActiveCfg = Debug|Any CPU
		{0A81633F-FEF9-4F65-AD44-9D73469840F3}.Debug|Any CPU.Build.0 = Debug|Any CPU
		{0A81633F-FEF9-4F65-AD44-9D73469840F3}.Release|Any CPU.ActiveCfg = Release|Any CPU
		{0A81633F-FEF9-4F65-AD44-9D73469840F3}.Release|Any CPU.Build.0 = Release|Any CPU
		{AE41E8A6-105A-491E-B8A9-1101552B4B6F}.Debug|Any CPU.ActiveCfg = Debug|Any CPU
		{AE41E8A6-105A-491E-B8A9-1101552B4B6F}.Debug|Any CPU.Build.0 = Debug|Any CPU
		{AE41E8A6-105A-491E-B8A9-1101552B4B6F}.Release|Any CPU.ActiveCfg = Release|Any CPU
		{AE41E8A6-105A-491E-B8A9-1101552B4B6F}.Release|Any CPU.Build.0 = Release|Any CPU
		{0200D136-3C5F-47D9-B32C-30A9CD420774}.Debug|Any CPU.ActiveCfg = Debug|Any CPU
		{0200D136-3C5F-47D9-B32C-30A9CD420774}.Debug|Any CPU.Build.0 = Debug|Any CPU
		{0200D136-3C5F-47D9-B32C-30A9CD420774}.Release|Any CPU.ActiveCfg = Release|Any CPU
		{0200D136-3C5F-47D9-B32C-30A9CD420774}.Release|Any CPU.Build.0 = Release|Any CPU
		{A506BE9C-2D49-4094-98D7-E483A83E03D0}.Debug|Any CPU.ActiveCfg = Debug|Any CPU
		{A506BE9C-2D49-4094-98D7-E483A83E03D0}.Debug|Any CPU.Build.0 = Debug|Any CPU
		{A506BE9C-2D49-4094-98D7-E483A83E03D0}.Release|Any CPU.ActiveCfg = Release|Any CPU
		{A506BE9C-2D49-4094-98D7-E483A83E03D0}.Release|Any CPU.Build.0 = Release|Any CPU
		{E91884AC-342F-402F-ADE4-D28AD8E9A0AE}.Debug|Any CPU.ActiveCfg = Debug|Any CPU
		{E91884AC-342F-402F-ADE4-D28AD8E9A0AE}.Debug|Any CPU.Build.0 = Debug|Any CPU
		{E91884AC-342F-402F-ADE4-D28AD8E9A0AE}.Release|Any CPU.ActiveCfg = Release|Any CPU
		{E91884AC-342F-402F-ADE4-D28AD8E9A0AE}.Release|Any CPU.Build.0 = Release|Any CPU
	EndGlobalSection
	GlobalSection(SolutionProperties) = preSolution
		HideSolutionNode = FALSE
	EndGlobalSection
	GlobalSection(NestedProjects) = preSolution
		{8A66D84B-732D-4D89-910A-065219445633} = {972B9913-3B24-4D2C-A8C8-A7E750E5D616}
		{8A141C68-1E6F-4AC0-9C06-8CAC2DF8BBA2} = {972B9913-3B24-4D2C-A8C8-A7E750E5D616}
		{C3E0FC3F-8857-45C7-8C9C-111592E85856} = {972B9913-3B24-4D2C-A8C8-A7E750E5D616}
		{5B64A1A5-F558-485C-BDD4-BC0440A325DB} = {D5919A9E-9A25-4176-9D91-6BBAAB1F5008}
		{011617E2-40F2-483F-9C25-71A2D341B33E} = {142DA5F6-BC1A-4A09-A309-FA5ACF8289BA}
		{E40346B2-25C9-4B8A-8C7E-2E03E326D426} = {5E9AA283-F03D-46FB-8509-58B20DEDF48F}
		{5DF48F50-E0D1-4B87-B00D-7DA8C519AF55} = {5E9AA283-F03D-46FB-8509-58B20DEDF48F}
		{0A81633F-FEF9-4F65-AD44-9D73469840F3} = {142DA5F6-BC1A-4A09-A309-FA5ACF8289BA}
		{AE41E8A6-105A-491E-B8A9-1101552B4B6F} = {5E9AA283-F03D-46FB-8509-58B20DEDF48F}
		{0200D136-3C5F-47D9-B32C-30A9CD420774} = {5E9AA283-F03D-46FB-8509-58B20DEDF48F}
		{A506BE9C-2D49-4094-98D7-E483A83E03D0} = {5E9AA283-F03D-46FB-8509-58B20DEDF48F}
		{E91884AC-342F-402F-ADE4-D28AD8E9A0AE} = {4B71D786-0A4A-490F-9072-9F7CF9A3D458}
	EndGlobalSection
	GlobalSection(ExtensibilityGlobals) = postSolution
		SolutionGuid = {B4BFE431-1987-48B6-9BE4-94174F3989E9}
	EndGlobalSection
EndGlobal
